
Microsoft Visual Studio Solution File, Format Version 12.00
# Visual Studio Version 16
VisualStudioVersion = 16.0.31005.135
MinimumVisualStudioVersion = 10.0.40219.1
Project("{9A19103F-16F7-4668-BE54-9A1E7A4F7556}") = "Entities", "Entities\Entities.csproj", "{7FF30441-D7F1-490B-9834-59A50EC52941}"
EndProject
Project("{9A19103F-16F7-4668-BE54-9A1E7A4F7556}") = "DataAccess", "DataAccess\DataAccess.csproj", "{DAE82A1A-5628-4D68-964A-69FC5E23E1C4}"
EndProject
Project("{9A19103F-16F7-4668-BE54-9A1E7A4F7556}") = "Business", "Business\Business.csproj", "{5F35D487-881C-4992-A0C0-10E825034C3C}"
EndProject
Project("{9A19103F-16F7-4668-BE54-9A1E7A4F7556}") = "ConsoleUI", "Console\ConsoleUI.csproj", "{65759C73-BAB6-4E08-BB7C-CFD6E1BC6A92}"
EndProject
Project("{2150E333-8FDC-42A3-9474-1A3956D46DE8}") = "SqlQueries", "SqlQueries", "{20FDD6AC-0122-4B90-86C6-41940888AB1B}"
	ProjectSection(SolutionItems) = preProject
		SqlQueries\AddSomeRowsToTables.sql = SqlQueries\AddSomeRowsToTables.sql
		SqlQueries\CreateTables.sql = SqlQueries\CreateTables.sql
	EndProjectSection
EndProject
Project("{9A19103F-16F7-4668-BE54-9A1E7A4F7556}") = "Core", "Core\Core.csproj", "{A337845C-983B-48F2-9508-C466517E44B3}"
EndProject
Project("{9A19103F-16F7-4668-BE54-9A1E7A4F7556}") = "WebAPI", "WebAPI\WebAPI.csproj", "{BF334598-499D-48C6-BF33-B6D01B41822F}"
EndProject
Project("{2150E333-8FDC-42A3-9474-1A3956D46DE8}") = "CarImages", "CarImages", "{B6F11624-674C-4CE7-9FF5-AA9622A34F01}"
EndProject
Global
	GlobalSection(SolutionConfigurationPlatforms) = preSolution
		Debug|Any CPU = Debug|Any CPU
		Release|Any CPU = Release|Any CPU
	EndGlobalSection
	GlobalSection(ProjectConfigurationPlatforms) = postSolution
		{7FF30441-D7F1-490B-9834-59A50EC52941}.Debug|Any CPU.ActiveCfg = Debug|Any CPU
		{7FF30441-D7F1-490B-9834-59A50EC52941}.Debug|Any CPU.Build.0 = Debug|Any CPU
		{7FF30441-D7F1-490B-9834-59A50EC52941}.Release|Any CPU.ActiveCfg = Release|Any CPU
		{7FF30441-D7F1-490B-9834-59A50EC52941}.Release|Any CPU.Build.0 = Release|Any CPU
		{DAE82A1A-5628-4D68-964A-69FC5E23E1C4}.Debug|Any CPU.ActiveCfg = Debug|Any CPU
		{DAE82A1A-5628-4D68-964A-69FC5E23E1C4}.Debug|Any CPU.Build.0 = Debug|Any CPU
		{DAE82A1A-5628-4D68-964A-69FC5E23E1C4}.Release|Any CPU.ActiveCfg = Release|Any CPU
		{DAE82A1A-5628-4D68-964A-69FC5E23E1C4}.Release|Any CPU.Build.0 = Release|Any CPU
		{5F35D487-881C-4992-A0C0-10E825034C3C}.Debug|Any CPU.ActiveCfg = Debug|Any CPU
		{5F35D487-881C-4992-A0C0-10E825034C3C}.Debug|Any CPU.Build.0 = Debug|Any CPU
		{5F35D487-881C-4992-A0C0-10E825034C3C}.Release|Any CPU.ActiveCfg = Release|Any CPU
		{5F35D487-881C-4992-A0C0-10E825034C3C}.Release|Any CPU.Build.0 = Release|Any CPU
		{65759C73-BAB6-4E08-BB7C-CFD6E1BC6A92}.Debug|Any CPU.ActiveCfg = Debug|Any CPU
		{65759C73-BAB6-4E08-BB7C-CFD6E1BC6A92}.Debug|Any CPU.Build.0 = Debug|Any CPU
		{65759C73-BAB6-4E08-BB7C-CFD6E1BC6A92}.Release|Any CPU.ActiveCfg = Release|Any CPU
		{65759C73-BAB6-4E08-BB7C-CFD6E1BC6A92}.Release|Any CPU.Build.0 = Release|Any CPU
		{A337845C-983B-48F2-9508-C466517E44B3}.Debug|Any CPU.ActiveCfg = Debug|Any CPU
		{A337845C-983B-48F2-9508-C466517E44B3}.Debug|Any CPU.Build.0 = Debug|Any CPU
		{A337845C-983B-48F2-9508-C466517E44B3}.Release|Any CPU.ActiveCfg = Release|Any CPU
		{A337845C-983B-48F2-9508-C466517E44B3}.Release|Any CPU.Build.0 = Release|Any CPU
		{BF334598-499D-48C6-BF33-B6D01B41822F}.Debug|Any CPU.ActiveCfg = Debug|Any CPU
		{BF334598-499D-48C6-BF33-B6D01B41822F}.Debug|Any CPU.Build.0 = Debug|Any CPU
		{BF334598-499D-48C6-BF33-B6D01B41822F}.Release|Any CPU.ActiveCfg = Release|Any CPU
		{BF334598-499D-48C6-BF33-B6D01B41822F}.Release|Any CPU.Build.0 = Release|Any CPU
	EndGlobalSection
	GlobalSection(SolutionProperties) = preSolution
		HideSolutionNode = FALSE
	EndGlobalSection
	GlobalSection(ExtensibilityGlobals) = postSolution
		SolutionGuid = {BA1BF06F-C095-4861-929F-E40E50425C5C}
	EndGlobalSection
EndGlobal
